// !$*UTF8*$!
{
	archiveVersion = 1;
	classes = {
	};
	objectVersion = 54;
	objects = {

/* Begin PBXBuildFile section */
		8407D25923882EEA006E9274 /* Coordinator.swift in Sources */ = {isa = PBXBuildFile; fileRef = 8407D25823882EEA006E9274 /* Coordinator.swift */; };
		8409170E240E6F4E0064B80F /* IoCConfigurator.swift in Sources */ = {isa = PBXBuildFile; fileRef = 8409170D240E6F4E0064B80F /* IoCConfigurator.swift */; };
		8445BA1C22E2296F00CA0A29 /* SymbolTextField.swift in Sources */ = {isa = PBXBuildFile; fileRef = 8445BA1B22E2296F00CA0A29 /* SymbolTextField.swift */; };
		84B0697B22D633CA007F43D6 /* AppDelegate.swift in Sources */ = {isa = PBXBuildFile; fileRef = 84B0697A22D633CA007F43D6 /* AppDelegate.swift */; };
		84B0697D22D633CA007F43D6 /* ConverterViewController.swift in Sources */ = {isa = PBXBuildFile; fileRef = 84B0697C22D633CA007F43D6 /* ConverterViewController.swift */; };
		84B0698222D633CC007F43D6 /* Assets.xcassets in Resources */ = {isa = PBXBuildFile; fileRef = 84B0698122D633CC007F43D6 /* Assets.xcassets */; };
		84B0699422D648FF007F43D6 /* ConverterViewModel.swift in Sources */ = {isa = PBXBuildFile; fileRef = 84B0699322D648FF007F43D6 /* ConverterViewModel.swift */; };
		84B0699922D718A3007F43D6 /* ViewBinder.swift in Sources */ = {isa = PBXBuildFile; fileRef = 84B0699822D718A3007F43D6 /* ViewBinder.swift */; };
		84B0699B22D72EDC007F43D6 /* Store.swift in Sources */ = {isa = PBXBuildFile; fileRef = 84B0699A22D72EDC007F43D6 /* Store.swift */; };
		84B0699E22D739B9007F43D6 /* LatestRatesResponse.swift in Sources */ = {isa = PBXBuildFile; fileRef = 84B0699D22D739B9007F43D6 /* LatestRatesResponse.swift */; };
		84BAF96622DA087B003AAD74 /* Error.swift in Sources */ = {isa = PBXBuildFile; fileRef = 84BAF96522DA087B003AAD74 /* Error.swift */; };
		84BAF96822DA10DE003AAD74 /* Alert.swift in Sources */ = {isa = PBXBuildFile; fileRef = 84BAF96722DA10DE003AAD74 /* Alert.swift */; };
		84BAF96B22DA39F9003AAD74 /* ApiService.swift in Sources */ = {isa = PBXBuildFile; fileRef = 84BAF96A22DA39F9003AAD74 /* ApiService.swift */; };
		84BAF97722DA4FB7003AAD74 /* StoreTests.swift in Sources */ = {isa = PBXBuildFile; fileRef = 84BAF97622DA4FB7003AAD74 /* StoreTests.swift */; };
		84CAC66023F56BAC00102AD7 /* SettingsViewController.swift in Sources */ = {isa = PBXBuildFile; fileRef = 84CAC65F23F56BAC00102AD7 /* SettingsViewController.swift */; };
		84CAC66223F56BC200102AD7 /* UpdateIntervalViewController.swift in Sources */ = {isa = PBXBuildFile; fileRef = 84CAC66123F56BC200102AD7 /* UpdateIntervalViewController.swift */; };
		84CB6FA723F6CDCE004115E3 /* Configuration.swift in Sources */ = {isa = PBXBuildFile; fileRef = 84CB6FA623F6CDCE004115E3 /* Configuration.swift */; };
		84CB6FA923F6D204004115E3 /* UpdateIntervalViewModel.swift in Sources */ = {isa = PBXBuildFile; fileRef = 84CB6FA823F6D204004115E3 /* UpdateIntervalViewModel.swift */; };
		84CB6FAB23F6FDB9004115E3 /* SettingsViewModel.swift in Sources */ = {isa = PBXBuildFile; fileRef = 84CB6FAA23F6FDB9004115E3 /* SettingsViewModel.swift */; };
		84D4D2B62322A3FF00773306 /* Date+.swift in Sources */ = {isa = PBXBuildFile; fileRef = 84D4D2B52322A3FF00773306 /* Date+.swift */; };
		84D4D2BA2323DAEF00773306 /* SymbolsResponse.swift in Sources */ = {isa = PBXBuildFile; fileRef = 84D4D2B92323DAEF00773306 /* SymbolsResponse.swift */; };
		84D4D2BC2323DF5500773306 /* CacheService.swift in Sources */ = {isa = PBXBuildFile; fileRef = 84D4D2BB2323DF5500773306 /* CacheService.swift */; };
		84D4D2BE2323F50700773306 /* Response.swift in Sources */ = {isa = PBXBuildFile; fileRef = 84D4D2BD2323F50700773306 /* Response.swift */; };
		84D4D2C12324371600773306 /* ExchangeRates.swift in Sources */ = {isa = PBXBuildFile; fileRef = 84D4D2C02324371600773306 /* ExchangeRates.swift */; };
		CD13355729C1DAFD005896EB /* ProcessInfo+.swift in Sources */ = {isa = PBXBuildFile; fileRef = CD13355629C1DAFD005896EB /* ProcessInfo+.swift */; };
		CD26D41A29B248E200E1E22F /* NeedleFoundation in Frameworks */ = {isa = PBXBuildFile; productRef = CD26D41929B248E200E1E22F /* NeedleFoundation */; };
		CD26D41D29B24AE900E1E22F /* IoCConfiguratorGenerated.swift in Sources */ = {isa = PBXBuildFile; fileRef = CD26D41C29B24AE900E1E22F /* IoCConfiguratorGenerated.swift */; };
		CD4A13A829B9EFE40021D87C /* UISnapshotTests.swift in Sources */ = {isa = PBXBuildFile; fileRef = CD4A13A729B9EFE40021D87C /* UISnapshotTests.swift */; };
		CD4A13AA29B9F2AF0021D87C /* TestData.swift in Sources */ = {isa = PBXBuildFile; fileRef = CD4A13A929B9F2AF0021D87C /* TestData.swift */; };
		CD4A13AD29B9FE9B0021D87C /* Mocks.swift in Sources */ = {isa = PBXBuildFile; fileRef = CD4A13AC29B9FE9B0021D87C /* Mocks.swift */; };
		CD4A13AF29BA06A70021D87C /* iOSSnapshotTestCase in Frameworks */ = {isa = PBXBuildFile; productRef = CD4A13AE29BA06A70021D87C /* iOSSnapshotTestCase */; };
		CD4A13B129BA06A70021D87C /* iOSSnapshotTestCase in Embed Frameworks */ = {isa = PBXBuildFile; productRef = CD4A13AE29BA06A70021D87C /* iOSSnapshotTestCase */; settings = {ATTRIBUTES = (CodeSignOnCopy, ); }; };
/* End PBXBuildFile section */

/* Begin PBXContainerItemProxy section */
		84BAF97922DA4FB7003AAD74 /* PBXContainerItemProxy */ = {
			isa = PBXContainerItemProxy;
			containerPortal = 84B0696F22D633CA007F43D6 /* Project object */;
			proxyType = 1;
			remoteGlobalIDString = 84B0697622D633CA007F43D6;
			remoteInfo = TinyConverter;
		};
/* End PBXContainerItemProxy section */

/* Begin PBXCopyFilesBuildPhase section */
		CD4A13B029BA06A70021D87C /* Embed Frameworks */ = {
			isa = PBXCopyFilesBuildPhase;
			buildActionMask = 2147483647;
			dstPath = "";
			dstSubfolderSpec = 10;
			files = (
				CD4A13B129BA06A70021D87C /* iOSSnapshotTestCase in Embed Frameworks */,
			);
			name = "Embed Frameworks";
			runOnlyForDeploymentPostprocessing = 0;
		};
/* End PBXCopyFilesBuildPhase section */

/* Begin PBXFileReference section */
		8407D25823882EEA006E9274 /* Coordinator.swift */ = {isa = PBXFileReference; lastKnownFileType = sourcecode.swift; path = Coordinator.swift; sourceTree = "<group>"; };
		8409170D240E6F4E0064B80F /* IoCConfigurator.swift */ = {isa = PBXFileReference; lastKnownFileType = sourcecode.swift; path = IoCConfigurator.swift; sourceTree = "<group>"; };
		8445BA1B22E2296F00CA0A29 /* SymbolTextField.swift */ = {isa = PBXFileReference; lastKnownFileType = sourcecode.swift; path = SymbolTextField.swift; sourceTree = "<group>"; };
		84B0697722D633CA007F43D6 /* TinyConverter.app */ = {isa = PBXFileReference; explicitFileType = wrapper.application; includeInIndex = 0; path = TinyConverter.app; sourceTree = BUILT_PRODUCTS_DIR; };
		84B0697A22D633CA007F43D6 /* AppDelegate.swift */ = {isa = PBXFileReference; lastKnownFileType = sourcecode.swift; path = AppDelegate.swift; sourceTree = "<group>"; };
		84B0697C22D633CA007F43D6 /* ConverterViewController.swift */ = {isa = PBXFileReference; lastKnownFileType = sourcecode.swift; path = ConverterViewController.swift; sourceTree = "<group>"; };
		84B0698122D633CC007F43D6 /* Assets.xcassets */ = {isa = PBXFileReference; lastKnownFileType = folder.assetcatalog; path = Assets.xcassets; sourceTree = "<group>"; };
		84B0698622D633CC007F43D6 /* Info.plist */ = {isa = PBXFileReference; lastKnownFileType = text.plist.xml; path = Info.plist; sourceTree = "<group>"; };
		84B0699322D648FF007F43D6 /* ConverterViewModel.swift */ = {isa = PBXFileReference; lastKnownFileType = sourcecode.swift; path = ConverterViewModel.swift; sourceTree = "<group>"; };
		84B0699822D718A3007F43D6 /* ViewBinder.swift */ = {isa = PBXFileReference; lastKnownFileType = sourcecode.swift; path = ViewBinder.swift; sourceTree = "<group>"; };
		84B0699A22D72EDC007F43D6 /* Store.swift */ = {isa = PBXFileReference; lastKnownFileType = sourcecode.swift; path = Store.swift; sourceTree = "<group>"; };
		84B0699D22D739B9007F43D6 /* LatestRatesResponse.swift */ = {isa = PBXFileReference; lastKnownFileType = sourcecode.swift; path = LatestRatesResponse.swift; sourceTree = "<group>"; };
		84BAF96522DA087B003AAD74 /* Error.swift */ = {isa = PBXFileReference; lastKnownFileType = sourcecode.swift; path = Error.swift; sourceTree = "<group>"; };
		84BAF96722DA10DE003AAD74 /* Alert.swift */ = {isa = PBXFileReference; lastKnownFileType = sourcecode.swift; path = Alert.swift; sourceTree = "<group>"; };
		84BAF96A22DA39F9003AAD74 /* ApiService.swift */ = {isa = PBXFileReference; lastKnownFileType = sourcecode.swift; path = ApiService.swift; sourceTree = "<group>"; };
		84BAF97422DA4FB6003AAD74 /* TinyConverterTests.xctest */ = {isa = PBXFileReference; explicitFileType = wrapper.cfbundle; includeInIndex = 0; path = TinyConverterTests.xctest; sourceTree = BUILT_PRODUCTS_DIR; };
		84BAF97622DA4FB7003AAD74 /* StoreTests.swift */ = {isa = PBXFileReference; lastKnownFileType = sourcecode.swift; path = StoreTests.swift; sourceTree = "<group>"; };
		84BAF97822DA4FB7003AAD74 /* Info.plist */ = {isa = PBXFileReference; lastKnownFileType = text.plist.xml; path = Info.plist; sourceTree = "<group>"; };
		84CAC65F23F56BAC00102AD7 /* SettingsViewController.swift */ = {isa = PBXFileReference; lastKnownFileType = sourcecode.swift; path = SettingsViewController.swift; sourceTree = "<group>"; };
		84CAC66123F56BC200102AD7 /* UpdateIntervalViewController.swift */ = {isa = PBXFileReference; lastKnownFileType = sourcecode.swift; path = UpdateIntervalViewController.swift; sourceTree = "<group>"; };
		84CB6FA623F6CDCE004115E3 /* Configuration.swift */ = {isa = PBXFileReference; lastKnownFileType = sourcecode.swift; path = Configuration.swift; sourceTree = "<group>"; };
		84CB6FA823F6D204004115E3 /* UpdateIntervalViewModel.swift */ = {isa = PBXFileReference; lastKnownFileType = sourcecode.swift; path = UpdateIntervalViewModel.swift; sourceTree = "<group>"; };
		84CB6FAA23F6FDB9004115E3 /* SettingsViewModel.swift */ = {isa = PBXFileReference; lastKnownFileType = sourcecode.swift; path = SettingsViewModel.swift; sourceTree = "<group>"; };
		84D4D2B52322A3FF00773306 /* Date+.swift */ = {isa = PBXFileReference; lastKnownFileType = sourcecode.swift; path = "Date+.swift"; sourceTree = "<group>"; };
		84D4D2B92323DAEF00773306 /* SymbolsResponse.swift */ = {isa = PBXFileReference; lastKnownFileType = sourcecode.swift; path = SymbolsResponse.swift; sourceTree = "<group>"; };
		84D4D2BB2323DF5500773306 /* CacheService.swift */ = {isa = PBXFileReference; lastKnownFileType = sourcecode.swift; path = CacheService.swift; sourceTree = "<group>"; };
		84D4D2BD2323F50700773306 /* Response.swift */ = {isa = PBXFileReference; lastKnownFileType = sourcecode.swift; path = Response.swift; sourceTree = "<group>"; };
		84D4D2C02324371600773306 /* ExchangeRates.swift */ = {isa = PBXFileReference; lastKnownFileType = sourcecode.swift; path = ExchangeRates.swift; sourceTree = "<group>"; };
		CD13355629C1DAFD005896EB /* ProcessInfo+.swift */ = {isa = PBXFileReference; lastKnownFileType = sourcecode.swift; path = "ProcessInfo+.swift"; sourceTree = "<group>"; };
		CD26D41C29B24AE900E1E22F /* IoCConfiguratorGenerated.swift */ = {isa = PBXFileReference; lastKnownFileType = sourcecode.swift; path = IoCConfiguratorGenerated.swift; sourceTree = "<group>"; };
		CD4A13A729B9EFE40021D87C /* UISnapshotTests.swift */ = {isa = PBXFileReference; lastKnownFileType = sourcecode.swift; path = UISnapshotTests.swift; sourceTree = "<group>"; };
		CD4A13A929B9F2AF0021D87C /* TestData.swift */ = {isa = PBXFileReference; lastKnownFileType = sourcecode.swift; path = TestData.swift; sourceTree = "<group>"; };
		CD4A13AC29B9FE9B0021D87C /* Mocks.swift */ = {isa = PBXFileReference; lastKnownFileType = sourcecode.swift; path = Mocks.swift; sourceTree = "<group>"; };
/* End PBXFileReference section */

/* Begin PBXFrameworksBuildPhase section */
		84B0697422D633CA007F43D6 /* Frameworks */ = {
			isa = PBXFrameworksBuildPhase;
			buildActionMask = 2147483647;
			files = (
				CD26D41A29B248E200E1E22F /* NeedleFoundation in Frameworks */,
			);
			runOnlyForDeploymentPostprocessing = 0;
		};
		84BAF97122DA4FB6003AAD74 /* Frameworks */ = {
			isa = PBXFrameworksBuildPhase;
			buildActionMask = 2147483647;
			files = (
				CD4A13AF29BA06A70021D87C /* iOSSnapshotTestCase in Frameworks */,
			);
			runOnlyForDeploymentPostprocessing = 0;
		};
/* End PBXFrameworksBuildPhase section */

/* Begin PBXGroup section */
		4E71DC8DE366BAC6027D1B84 /* Frameworks */ = {
			isa = PBXGroup;
			children = (
			);
			name = Frameworks;
			sourceTree = "<group>";
		};
		8445BA1822E2292200CA0A29 /* Components */ = {
			isa = PBXGroup;
			children = (
				8445BA1B22E2296F00CA0A29 /* SymbolTextField.swift */,
			);
			path = Components;
			sourceTree = "<group>";
		};
		84B0696E22D633CA007F43D6 = {
			isa = PBXGroup;
			children = (
				84B0697922D633CA007F43D6 /* TinyConverter */,
				84BAF97522DA4FB7003AAD74 /* TinyConverterTests */,
				84B0697822D633CA007F43D6 /* Products */,
				4E71DC8DE366BAC6027D1B84 /* Frameworks */,
			);
			sourceTree = "<group>";
		};
		84B0697822D633CA007F43D6 /* Products */ = {
			isa = PBXGroup;
			children = (
				84B0697722D633CA007F43D6 /* TinyConverter.app */,
				84BAF97422DA4FB6003AAD74 /* TinyConverterTests.xctest */,
			);
			name = Products;
			sourceTree = "<group>";
		};
		84B0697922D633CA007F43D6 /* TinyConverter */ = {
			isa = PBXGroup;
			children = (
				84B0699522D716CC007F43D6 /* Views */,
				84B0699622D7184D007F43D6 /* Models */,
				84B0699722D7187A007F43D6 /* Utils */,
				84BAF96922DA39D5003AAD74 /* Services */,
				84BAF96422DA085F003AAD74 /* Entities */,
				84B0697A22D633CA007F43D6 /* AppDelegate.swift */,
				8407D25823882EEA006E9274 /* Coordinator.swift */,
				8409170D240E6F4E0064B80F /* IoCConfigurator.swift */,
				CD26D41C29B24AE900E1E22F /* IoCConfiguratorGenerated.swift */,
				84B0698122D633CC007F43D6 /* Assets.xcassets */,
				84B0698622D633CC007F43D6 /* Info.plist */,
			);
			path = TinyConverter;
			sourceTree = "<group>";
		};
		84B0699522D716CC007F43D6 /* Views */ = {
			isa = PBXGroup;
			children = (
				8445BA1822E2292200CA0A29 /* Components */,
				84CAC66323F56BC800102AD7 /* Settings */,
				84B0697C22D633CA007F43D6 /* ConverterViewController.swift */,
				84B0699322D648FF007F43D6 /* ConverterViewModel.swift */,
			);
			path = Views;
			sourceTree = "<group>";
		};
		84B0699622D7184D007F43D6 /* Models */ = {
			isa = PBXGroup;
			children = (
				84B0699A22D72EDC007F43D6 /* Store.swift */,
				84D4D2C02324371600773306 /* ExchangeRates.swift */,
				84CB6FA623F6CDCE004115E3 /* Configuration.swift */,
			);
			path = Models;
			sourceTree = "<group>";
		};
		84B0699722D7187A007F43D6 /* Utils */ = {
			isa = PBXGroup;
			children = (
				84B0699822D718A3007F43D6 /* ViewBinder.swift */,
				84D4D2B52322A3FF00773306 /* Date+.swift */,
				CD13355629C1DAFD005896EB /* ProcessInfo+.swift */,
			);
			path = Utils;
			sourceTree = "<group>";
		};
		84BAF96422DA085F003AAD74 /* Entities */ = {
			isa = PBXGroup;
			children = (
				84D4D2BF232436BC00773306 /* Api */,
				84BAF96522DA087B003AAD74 /* Error.swift */,
				84BAF96722DA10DE003AAD74 /* Alert.swift */,
			);
			path = Entities;
			sourceTree = "<group>";
		};
		84BAF96922DA39D5003AAD74 /* Services */ = {
			isa = PBXGroup;
			children = (
				84BAF96A22DA39F9003AAD74 /* ApiService.swift */,
				84D4D2BB2323DF5500773306 /* CacheService.swift */,
			);
			path = Services;
			sourceTree = "<group>";
		};
		84BAF97522DA4FB7003AAD74 /* TinyConverterTests */ = {
			isa = PBXGroup;
			children = (
				CD4A13A929B9F2AF0021D87C /* TestData.swift */,
				CD4A13AC29B9FE9B0021D87C /* Mocks.swift */,
				84BAF97622DA4FB7003AAD74 /* StoreTests.swift */,
				CD4A13A729B9EFE40021D87C /* UISnapshotTests.swift */,
				84BAF97822DA4FB7003AAD74 /* Info.plist */,
			);
			path = TinyConverterTests;
			sourceTree = "<group>";
		};
		84CAC66323F56BC800102AD7 /* Settings */ = {
			isa = PBXGroup;
			children = (
				84CAC65F23F56BAC00102AD7 /* SettingsViewController.swift */,
				84CB6FAA23F6FDB9004115E3 /* SettingsViewModel.swift */,
				84CAC66123F56BC200102AD7 /* UpdateIntervalViewController.swift */,
				84CB6FA823F6D204004115E3 /* UpdateIntervalViewModel.swift */,
			);
			path = Settings;
			sourceTree = "<group>";
		};
		84D4D2BF232436BC00773306 /* Api */ = {
			isa = PBXGroup;
			children = (
				84D4D2BD2323F50700773306 /* Response.swift */,
				84D4D2B92323DAEF00773306 /* SymbolsResponse.swift */,
				84B0699D22D739B9007F43D6 /* LatestRatesResponse.swift */,
			);
			path = Api;
			sourceTree = "<group>";
		};
/* End PBXGroup section */

/* Begin PBXNativeTarget section */
		84B0697622D633CA007F43D6 /* TinyConverter */ = {
			isa = PBXNativeTarget;
			buildConfigurationList = 84B0698922D633CC007F43D6 /* Build configuration list for PBXNativeTarget "TinyConverter" */;
			buildPhases = (
				CD26D41B29B249BB00E1E22F /* ShellScript */,
				84B0697322D633CA007F43D6 /* Sources */,
				84B0697422D633CA007F43D6 /* Frameworks */,
				84B0697522D633CA007F43D6 /* Resources */,
			);
			buildRules = (
			);
			dependencies = (
			);
			name = TinyConverter;
			packageProductDependencies = (
				CD26D41929B248E200E1E22F /* NeedleFoundation */,
			);
			productName = TinyConverter;
			productReference = 84B0697722D633CA007F43D6 /* TinyConverter.app */;
			productType = "com.apple.product-type.application";
		};
		84BAF97322DA4FB6003AAD74 /* TinyConverterTests */ = {
			isa = PBXNativeTarget;
			buildConfigurationList = 84BAF97B22DA4FB7003AAD74 /* Build configuration list for PBXNativeTarget "TinyConverterTests" */;
			buildPhases = (
				84BAF97022DA4FB6003AAD74 /* Sources */,
				84BAF97122DA4FB6003AAD74 /* Frameworks */,
				84BAF97222DA4FB6003AAD74 /* Resources */,
				CD4A13B029BA06A70021D87C /* Embed Frameworks */,
			);
			buildRules = (
			);
			dependencies = (
				84BAF97A22DA4FB7003AAD74 /* PBXTargetDependency */,
			);
			name = TinyConverterTests;
			packageProductDependencies = (
				CD4A13AE29BA06A70021D87C /* iOSSnapshotTestCase */,
			);
			productName = TinyConverterTests;
			productReference = 84BAF97422DA4FB6003AAD74 /* TinyConverterTests.xctest */;
			productType = "com.apple.product-type.bundle.unit-test";
		};
/* End PBXNativeTarget section */

/* Begin PBXProject section */
		84B0696F22D633CA007F43D6 /* Project object */ = {
			isa = PBXProject;
			attributes = {
				LastSwiftUpdateCheck = 1020;
				LastUpgradeCheck = 1420;
				ORGANIZATIONNAME = "Adnan Zildzic";
				TargetAttributes = {
					84B0697622D633CA007F43D6 = {
						CreatedOnToolsVersion = 10.2.1;
						SystemCapabilities = {
							com.apple.BackgroundModes = {
								enabled = 1;
							};
						};
					};
					84BAF97322DA4FB6003AAD74 = {
						CreatedOnToolsVersion = 10.2.1;
						TestTargetID = 84B0697622D633CA007F43D6;
					};
				};
			};
			buildConfigurationList = 84B0697222D633CA007F43D6 /* Build configuration list for PBXProject "TinyConverter" */;
			compatibilityVersion = "Xcode 9.3";
			developmentRegion = en;
			hasScannedForEncodings = 0;
			knownRegions = (
				en,
				Base,
			);
			mainGroup = 84B0696E22D633CA007F43D6;
			packageReferences = (
				CD26D41829B248E200E1E22F /* XCRemoteSwiftPackageReference "needle" */,
				CD4A13A429B9EFBE0021D87C /* XCRemoteSwiftPackageReference "ios-snapshot-test-case" */,
			);
			productRefGroup = 84B0697822D633CA007F43D6 /* Products */;
			projectDirPath = "";
			projectRoot = "";
			targets = (
				84B0697622D633CA007F43D6 /* TinyConverter */,
				84BAF97322DA4FB6003AAD74 /* TinyConverterTests */,
			);
		};
/* End PBXProject section */

/* Begin PBXResourcesBuildPhase section */
		84B0697522D633CA007F43D6 /* Resources */ = {
			isa = PBXResourcesBuildPhase;
			buildActionMask = 2147483647;
			files = (
				84B0698222D633CC007F43D6 /* Assets.xcassets in Resources */,
			);
			runOnlyForDeploymentPostprocessing = 0;
		};
		84BAF97222DA4FB6003AAD74 /* Resources */ = {
			isa = PBXResourcesBuildPhase;
			buildActionMask = 2147483647;
			files = (
			);
			runOnlyForDeploymentPostprocessing = 0;
		};
/* End PBXResourcesBuildPhase section */

/* Begin PBXShellScriptBuildPhase section */
		CD26D41B29B249BB00E1E22F /* ShellScript */ = {
			isa = PBXShellScriptBuildPhase;
			alwaysOutOfDate = 1;
			buildActionMask = 2147483647;
			files = (
			);
			inputFileListPaths = (
			);
			inputPaths = (
			);
			outputFileListPaths = (
			);
			outputPaths = (
			);
			runOnlyForDeploymentPostprocessing = 0;
			shellPath = /bin/sh;
			shellScript = "SOURCEKIT_LOGGING=0 && needle generate TinyConverter/IoCConfiguratorGenerated.swift TinyConverter/\n";
		};
/* End PBXShellScriptBuildPhase section */

/* Begin PBXSourcesBuildPhase section */
		84B0697322D633CA007F43D6 /* Sources */ = {
			isa = PBXSourcesBuildPhase;
			buildActionMask = 2147483647;
			files = (
				84CB6FA923F6D204004115E3 /* UpdateIntervalViewModel.swift in Sources */,
				8407D25923882EEA006E9274 /* Coordinator.swift in Sources */,
				84D4D2B62322A3FF00773306 /* Date+.swift in Sources */,
				84D4D2BC2323DF5500773306 /* CacheService.swift in Sources */,
				84B0699B22D72EDC007F43D6 /* Store.swift in Sources */,
				8445BA1C22E2296F00CA0A29 /* SymbolTextField.swift in Sources */,
				84CAC66223F56BC200102AD7 /* UpdateIntervalViewController.swift in Sources */,
				84CB6FA723F6CDCE004115E3 /* Configuration.swift in Sources */,
				CD26D41D29B24AE900E1E22F /* IoCConfiguratorGenerated.swift in Sources */,
				84B0699922D718A3007F43D6 /* ViewBinder.swift in Sources */,
				84CAC66023F56BAC00102AD7 /* SettingsViewController.swift in Sources */,
				84B0697D22D633CA007F43D6 /* ConverterViewController.swift in Sources */,
				84D4D2BE2323F50700773306 /* Response.swift in Sources */,
				84B0697B22D633CA007F43D6 /* AppDelegate.swift in Sources */,
				84B0699E22D739B9007F43D6 /* LatestRatesResponse.swift in Sources */,
				84BAF96B22DA39F9003AAD74 /* ApiService.swift in Sources */,
				84BAF96622DA087B003AAD74 /* Error.swift in Sources */,
				84D4D2BA2323DAEF00773306 /* SymbolsResponse.swift in Sources */,
				84BAF96822DA10DE003AAD74 /* Alert.swift in Sources */,
				CD13355729C1DAFD005896EB /* ProcessInfo+.swift in Sources */,
				84D4D2C12324371600773306 /* ExchangeRates.swift in Sources */,
				84B0699422D648FF007F43D6 /* ConverterViewModel.swift in Sources */,
				8409170E240E6F4E0064B80F /* IoCConfigurator.swift in Sources */,
				84CB6FAB23F6FDB9004115E3 /* SettingsViewModel.swift in Sources */,
			);
			runOnlyForDeploymentPostprocessing = 0;
		};
		84BAF97022DA4FB6003AAD74 /* Sources */ = {
			isa = PBXSourcesBuildPhase;
			buildActionMask = 2147483647;
			files = (
				CD4A13AA29B9F2AF0021D87C /* TestData.swift in Sources */,
				84BAF97722DA4FB7003AAD74 /* StoreTests.swift in Sources */,
				CD4A13A829B9EFE40021D87C /* UISnapshotTests.swift in Sources */,
				CD4A13AD29B9FE9B0021D87C /* Mocks.swift in Sources */,
			);
			runOnlyForDeploymentPostprocessing = 0;
		};
/* End PBXSourcesBuildPhase section */

/* Begin PBXTargetDependency section */
		84BAF97A22DA4FB7003AAD74 /* PBXTargetDependency */ = {
			isa = PBXTargetDependency;
			target = 84B0697622D633CA007F43D6 /* TinyConverter */;
			targetProxy = 84BAF97922DA4FB7003AAD74 /* PBXContainerItemProxy */;
		};
/* End PBXTargetDependency section */

/* Begin XCBuildConfiguration section */
		84B0698722D633CC007F43D6 /* Debug */ = {
			isa = XCBuildConfiguration;
			buildSettings = {
				ALWAYS_SEARCH_USER_PATHS = NO;
				CLANG_ANALYZER_NONNULL = YES;
				CLANG_ANALYZER_NUMBER_OBJECT_CONVERSION = YES_AGGRESSIVE;
				CLANG_CXX_LANGUAGE_STANDARD = "gnu++14";
				CLANG_CXX_LIBRARY = "libc++";
				CLANG_ENABLE_MODULES = YES;
				CLANG_ENABLE_OBJC_ARC = YES;
				CLANG_ENABLE_OBJC_WEAK = YES;
				CLANG_WARN_BLOCK_CAPTURE_AUTORELEASING = YES;
				CLANG_WARN_BOOL_CONVERSION = YES;
				CLANG_WARN_COMMA = YES;
				CLANG_WARN_CONSTANT_CONVERSION = YES;
				CLANG_WARN_DEPRECATED_OBJC_IMPLEMENTATIONS = YES;
				CLANG_WARN_DIRECT_OBJC_ISA_USAGE = YES_ERROR;
				CLANG_WARN_DOCUMENTATION_COMMENTS = YES;
				CLANG_WARN_EMPTY_BODY = YES;
				CLANG_WARN_ENUM_CONVERSION = YES;
				CLANG_WARN_INFINITE_RECURSION = YES;
				CLANG_WARN_INT_CONVERSION = YES;
				CLANG_WARN_NON_LITERAL_NULL_CONVERSION = YES;
				CLANG_WARN_OBJC_IMPLICIT_RETAIN_SELF = YES;
				CLANG_WARN_OBJC_LITERAL_CONVERSION = YES;
				CLANG_WARN_OBJC_ROOT_CLASS = YES_ERROR;
				CLANG_WARN_QUOTED_INCLUDE_IN_FRAMEWORK_HEADER = YES;
				CLANG_WARN_RANGE_LOOP_ANALYSIS = YES;
				CLANG_WARN_STRICT_PROTOTYPES = YES;
				CLANG_WARN_SUSPICIOUS_MOVE = YES;
				CLANG_WARN_UNGUARDED_AVAILABILITY = YES_AGGRESSIVE;
				CLANG_WARN_UNREACHABLE_CODE = YES;
				CLANG_WARN__DUPLICATE_METHOD_MATCH = YES;
				CODE_SIGN_IDENTITY = "iPhone Developer";
				COPY_PHASE_STRIP = NO;
				DEBUG_INFORMATION_FORMAT = dwarf;
				ENABLE_STRICT_OBJC_MSGSEND = YES;
				ENABLE_TESTABILITY = YES;
				GCC_C_LANGUAGE_STANDARD = gnu11;
				GCC_DYNAMIC_NO_PIC = NO;
				GCC_NO_COMMON_BLOCKS = YES;
				GCC_OPTIMIZATION_LEVEL = 0;
				GCC_PREPROCESSOR_DEFINITIONS = (
					"DEBUG=1",
					"$(inherited)",
				);
				GCC_WARN_64_TO_32_BIT_CONVERSION = YES;
				GCC_WARN_ABOUT_RETURN_TYPE = YES_ERROR;
				GCC_WARN_UNDECLARED_SELECTOR = YES;
				GCC_WARN_UNINITIALIZED_AUTOS = YES_AGGRESSIVE;
				GCC_WARN_UNUSED_FUNCTION = YES;
				GCC_WARN_UNUSED_VARIABLE = YES;
				IPHONEOS_DEPLOYMENT_TARGET = 13.0;
				MTL_ENABLE_DEBUG_INFO = INCLUDE_SOURCE;
				MTL_FAST_MATH = YES;
				ONLY_ACTIVE_ARCH = YES;
				SDKROOT = iphoneos;
				SWIFT_ACTIVE_COMPILATION_CONDITIONS = DEBUG;
				SWIFT_OPTIMIZATION_LEVEL = "-Onone";
			};
			name = Debug;
		};
		84B0698822D633CC007F43D6 /* Release */ = {
			isa = XCBuildConfiguration;
			buildSettings = {
				ALWAYS_SEARCH_USER_PATHS = NO;
				CLANG_ANALYZER_NONNULL = YES;
				CLANG_ANALYZER_NUMBER_OBJECT_CONVERSION = YES_AGGRESSIVE;
				CLANG_CXX_LANGUAGE_STANDARD = "gnu++14";
				CLANG_CXX_LIBRARY = "libc++";
				CLANG_ENABLE_MODULES = YES;
				CLANG_ENABLE_OBJC_ARC = YES;
				CLANG_ENABLE_OBJC_WEAK = YES;
				CLANG_WARN_BLOCK_CAPTURE_AUTORELEASING = YES;
				CLANG_WARN_BOOL_CONVERSION = YES;
				CLANG_WARN_COMMA = YES;
				CLANG_WARN_CONSTANT_CONVERSION = YES;
				CLANG_WARN_DEPRECATED_OBJC_IMPLEMENTATIONS = YES;
				CLANG_WARN_DIRECT_OBJC_ISA_USAGE = YES_ERROR;
				CLANG_WARN_DOCUMENTATION_COMMENTS = YES;
				CLANG_WARN_EMPTY_BODY = YES;
				CLANG_WARN_ENUM_CONVERSION = YES;
				CLANG_WARN_INFINITE_RECURSION = YES;
				CLANG_WARN_INT_CONVERSION = YES;
				CLANG_WARN_NON_LITERAL_NULL_CONVERSION = YES;
				CLANG_WARN_OBJC_IMPLICIT_RETAIN_SELF = YES;
				CLANG_WARN_OBJC_LITERAL_CONVERSION = YES;
				CLANG_WARN_OBJC_ROOT_CLASS = YES_ERROR;
				CLANG_WARN_QUOTED_INCLUDE_IN_FRAMEWORK_HEADER = YES;
				CLANG_WARN_RANGE_LOOP_ANALYSIS = YES;
				CLANG_WARN_STRICT_PROTOTYPES = YES;
				CLANG_WARN_SUSPICIOUS_MOVE = YES;
				CLANG_WARN_UNGUARDED_AVAILABILITY = YES_AGGRESSIVE;
				CLANG_WARN_UNREACHABLE_CODE = YES;
				CLANG_WARN__DUPLICATE_METHOD_MATCH = YES;
				CODE_SIGN_IDENTITY = "iPhone Developer";
				COPY_PHASE_STRIP = NO;
				DEBUG_INFORMATION_FORMAT = "dwarf-with-dsym";
				ENABLE_NS_ASSERTIONS = NO;
				ENABLE_STRICT_OBJC_MSGSEND = YES;
				GCC_C_LANGUAGE_STANDARD = gnu11;
				GCC_NO_COMMON_BLOCKS = YES;
				GCC_WARN_64_TO_32_BIT_CONVERSION = YES;
				GCC_WARN_ABOUT_RETURN_TYPE = YES_ERROR;
				GCC_WARN_UNDECLARED_SELECTOR = YES;
				GCC_WARN_UNINITIALIZED_AUTOS = YES_AGGRESSIVE;
				GCC_WARN_UNUSED_FUNCTION = YES;
				GCC_WARN_UNUSED_VARIABLE = YES;
				IPHONEOS_DEPLOYMENT_TARGET = 13.0;
				MTL_ENABLE_DEBUG_INFO = NO;
				MTL_FAST_MATH = YES;
				SDKROOT = iphoneos;
				SWIFT_COMPILATION_MODE = wholemodule;
				SWIFT_OPTIMIZATION_LEVEL = "-O";
				VALIDATE_PRODUCT = YES;
			};
			name = Release;
		};
		84B0698A22D633CC007F43D6 /* Debug */ = {
			isa = XCBuildConfiguration;
			buildSettings = {
				ASSETCATALOG_COMPILER_APPICON_NAME = AppIcon;
				CODE_SIGN_STYLE = Automatic;
				DEVELOPMENT_TEAM = NXWZVJM8HY;
				INFOPLIST_FILE = TinyConverter/Info.plist;
				IPHONEOS_DEPLOYMENT_TARGET = 13.0;
				LD_RUNPATH_SEARCH_PATHS = (
					"$(inherited)",
					"@executable_path/Frameworks",
				);
				PRODUCT_BUNDLE_IDENTIFIER = com.company.adnan.TinyConverter;
				PRODUCT_NAME = "$(TARGET_NAME)";
				SWIFT_VERSION = 5.0;
				TARGETED_DEVICE_FAMILY = "1,2";
			};
			name = Debug;
		};
		84B0698B22D633CC007F43D6 /* Release */ = {
			isa = XCBuildConfiguration;
			buildSettings = {
				ASSETCATALOG_COMPILER_APPICON_NAME = AppIcon;
				CODE_SIGN_STYLE = Manual;
				DEVELOPMENT_TEAM = "";
				INFOPLIST_FILE = TinyConverter/Info.plist;
				IPHONEOS_DEPLOYMENT_TARGET = 13.0;
				LD_RUNPATH_SEARCH_PATHS = (
					"$(inherited)",
					"@executable_path/Frameworks",
				);
				PRODUCT_BUNDLE_IDENTIFIER = com.company.adnan.TinyConverter;
				PRODUCT_NAME = "$(TARGET_NAME)";
				PROVISIONING_PROFILE_SPECIFIER = "";
				SWIFT_VERSION = 5.0;
				TARGETED_DEVICE_FAMILY = "1,2";
			};
			name = Release;
		};
		84BAF97C22DA4FB7003AAD74 /* Debug */ = {
			isa = XCBuildConfiguration;
			buildSettings = {
				BUNDLE_LOADER = "$(TEST_HOST)";
				CODE_SIGN_STYLE = Automatic;
				DEVELOPMENT_TEAM = BDZYLC5NBU;
				INFOPLIST_FILE = TinyConverterTests/Info.plist;
				IPHONEOS_DEPLOYMENT_TARGET = 13.0;
				LD_RUNPATH_SEARCH_PATHS = (
					"$(inherited)",
					"@executable_path/Frameworks",
					"@loader_path/Frameworks",
				);
				PRODUCT_BUNDLE_IDENTIFIER = com.company.adnan.TinyConverterTests;
				PRODUCT_NAME = "$(TARGET_NAME)";
				SWIFT_VERSION = 5.0;
				TARGETED_DEVICE_FAMILY = "1,2";
				TEST_HOST = "$(BUILT_PRODUCTS_DIR)/TinyConverter.app/TinyConverter";
			};
			name = Debug;
		};
		84BAF97D22DA4FB7003AAD74 /* Release */ = {
			isa = XCBuildConfiguration;
			buildSettings = {
				BUNDLE_LOADER = "$(TEST_HOST)";
				CODE_SIGN_STYLE = Automatic;
				DEVELOPMENT_TEAM = BDZYLC5NBU;
				INFOPLIST_FILE = TinyConverterTests/Info.plist;
				IPHONEOS_DEPLOYMENT_TARGET = 13.0;
				LD_RUNPATH_SEARCH_PATHS = (
					"$(inherited)",
					"@executable_path/Frameworks",
					"@loader_path/Frameworks",
				);
				PRODUCT_BUNDLE_IDENTIFIER = com.company.adnan.TinyConverterTests;
				PRODUCT_NAME = "$(TARGET_NAME)";
				SWIFT_VERSION = 5.0;
				TARGETED_DEVICE_FAMILY = "1,2";
				TEST_HOST = "$(BUILT_PRODUCTS_DIR)/TinyConverter.app/TinyConverter";
			};
			name = Release;
		};
/* End XCBuildConfiguration section */

/* Begin XCConfigurationList section */
		84B0697222D633CA007F43D6 /* Build configuration list for PBXProject "TinyConverter" */ = {
			isa = XCConfigurationList;
			buildConfigurations = (
				84B0698722D633CC007F43D6 /* Debug */,
				84B0698822D633CC007F43D6 /* Release */,
			);
			defaultConfigurationIsVisible = 0;
			defaultConfigurationName = Release;
		};
		84B0698922D633CC007F43D6 /* Build configuration list for PBXNativeTarget "TinyConverter" */ = {
			isa = XCConfigurationList;
			buildConfigurations = (
				84B0698A22D633CC007F43D6 /* Debug */,
				84B0698B22D633CC007F43D6 /* Release */,
			);
			defaultConfigurationIsVisible = 0;
			defaultConfigurationName = Release;
		};
		84BAF97B22DA4FB7003AAD74 /* Build configuration list for PBXNativeTarget "TinyConverterTests" */ = {
			isa = XCConfigurationList;
			buildConfigurations = (
				84BAF97C22DA4FB7003AAD74 /* Debug */,
				84BAF97D22DA4FB7003AAD74 /* Release */,
			);
			defaultConfigurationIsVisible = 0;
			defaultConfigurationName = Release;
		};
/* End XCConfigurationList section */

/* Begin XCRemoteSwiftPackageReference section */
		CD26D41829B248E200E1E22F /* XCRemoteSwiftPackageReference "needle" */ = {
			isa = XCRemoteSwiftPackageReference;
			repositoryURL = "https://github.com/uber/needle.git";
			requirement = {
				kind = upToNextMajorVersion;
				minimumVersion = 0.22.0;
			};
		};
		CD4A13A429B9EFBE0021D87C /* XCRemoteSwiftPackageReference "ios-snapshot-test-case" */ = {
			isa = XCRemoteSwiftPackageReference;
			repositoryURL = "https://github.com/uber/ios-snapshot-test-case.git";
			requirement = {
				kind = upToNextMajorVersion;
				minimumVersion = 8.0.0;
			};
		};
/* End XCRemoteSwiftPackageReference section */

/* Begin XCSwiftPackageProductDependency section */
		CD26D41929B248E200E1E22F /* NeedleFoundation */ = {
			isa = XCSwiftPackageProductDependency;
			package = CD26D41829B248E200E1E22F /* XCRemoteSwiftPackageReference "needle" */;
			productName = NeedleFoundation;
		};
		CD4A13AE29BA06A70021D87C /* iOSSnapshotTestCase */ = {
			isa = XCSwiftPackageProductDependency;
			package = CD4A13A429B9EFBE0021D87C /* XCRemoteSwiftPackageReference "ios-snapshot-test-case" */;
			productName = iOSSnapshotTestCase;
		};
/* End XCSwiftPackageProductDependency section */
	};
	rootObject = 84B0696F22D633CA007F43D6 /* Project object */;
}
